{
  "name": "ch5vanillatemplate",
  "version": "1.0.0",
  "lockfileVersion": 2,
  "requires": true,
  "packages": {
    "": {
      "name": "ch5vanillatemplate",
      "version": "1.0.0",
      "license": "ISC",
      "dependencies": {
        "@crestron/ch5-crcomlib": "^1.2.0"
      }
    },
    "node_modules/@babel/runtime": {
      "version": "7.18.9",
      "resolved": "https://registry.npmjs.org/@babel/runtime/-/runtime-7.18.9.tgz",
      "integrity": "sha512-lkqXDcvlFT5rvEjiu6+QYO+1GXrEHRo2LOtS7E4GtX5ESIZOgepqsZBVIj6Pv+a6zqsya9VCgiK1KAK4BvJDAw==",
      "dependencies": {
        "regenerator-runtime": "^0.13.4"
      },
      "engines": {
        "node": ">=6.9.0"
      }
    },
    "node_modules/@crestron/ch5-crcomlib": {
      "version": "1.2.0",
      "resolved": "https://registry.npmjs.org/@crestron/ch5-crcomlib/-/ch5-crcomlib-1.2.0.tgz",
      "integrity": "sha512-GsEbXOKbqrgAibxSWUaU+Ep8zvpxk0/ST8n0jSKrShUWkPOpoodIO4b7Hsx0vv9UgjuUShNbAFWmLUmmAZQeYA==",
      "dependencies": {
        "@types/dom-inputevent": "^1.0.1",
        "@types/hammerjs": "^2.0.35",
        "@types/lodash-es": "^4.17.3",
        "@types/lodash.throttle": "^4.1.3",
        "@types/nouislider": "9.0.4",
        "@types/swiper": "^4.4.2",
        "axios": "^0.19.0",
        "hammerjs": "^2.0.8",
        "i18next": "17.0.1",
        "nouislider": "12.0.0",
        "rxjs": "6.3.3",
        "swiper": "^4.5.0"
      },
      "engines": {
        "node": ">=8.11",
        "yarn": ">=1.6.0"
      }
    },
    "node_modules/@types/dom-inputevent": {
      "version": "1.0.7",
      "resolved": "https://registry.npmjs.org/@types/dom-inputevent/-/dom-inputevent-1.0.7.tgz",
      "integrity": "sha512-R0ILeMNwjxCwiF9FDlCl2pUlGZW+4OUqJe6DyOsyrdK1PEoZ1TxgkfQfEy7vniFUrKyAy+dP2BNAXcRqEyf9dQ=="
    },
    "node_modules/@types/hammerjs": {
      "version": "2.0.41",
      "resolved": "https://registry.npmjs.org/@types/hammerjs/-/hammerjs-2.0.41.tgz",
      "integrity": "sha512-ewXv/ceBaJprikMcxCmWU1FKyMAQ2X7a9Gtmzw8fcg2kIePI1crERDM818W+XYrxqdBBOdlf2rm137bU+BltCA=="
    },
    "node_modules/@types/lodash": {
      "version": "4.14.182",
      "resolved": "https://registry.npmjs.org/@types/lodash/-/lodash-4.14.182.tgz",
      "integrity": "sha512-/THyiqyQAP9AfARo4pF+aCGcyiQ94tX/Is2I7HofNRqoYLgN1PBoOWu2/zTA5zMxzP5EFutMtWtGAFRKUe961Q=="
    },
    "node_modules/@types/lodash-es": {
      "version": "4.17.6",
      "resolved": "https://registry.npmjs.org/@types/lodash-es/-/lodash-es-4.17.6.tgz",
      "integrity": "sha512-R+zTeVUKDdfoRxpAryaQNRKk3105Rrgx2CFRClIgRGaqDTdjsm8h6IYA8ir584W3ePzkZfst5xIgDwYrlh9HLg==",
      "dependencies": {
        "@types/lodash": "*"
      }
    },
    "node_modules/@types/lodash.throttle": {
      "version": "4.1.7",
      "resolved": "https://registry.npmjs.org/@types/lodash.throttle/-/lodash.throttle-4.1.7.tgz",
      "integrity": "sha512-znwGDpjCHQ4FpLLx19w4OXDqq8+OvREa05H89obtSyXyOFKL3dDjCslsmfBz0T2FU8dmf5Wx1QvogbINiGIu9g==",
      "dependencies": {
        "@types/lodash": "*"
      }
    },
    "node_modules/@types/nouislider": {
      "version": "9.0.4",
      "resolved": "https://registry.npmjs.org/@types/nouislider/-/nouislider-9.0.4.tgz",
      "integrity": "sha512-ilaxERkAK7mRkkv0RLb1jZ5Gn0BsXk+jfWXjCk5DuV84AxArhPOq12XJ0eUa6TLTHSmegrfs8Rj4ZAs2hOyT3w==",
      "dependencies": {
        "@types/wnumb": "*"
      }
    },
    "node_modules/@types/swiper": {
      "version": "4.4.12",
      "resolved": "https://registry.npmjs.org/@types/swiper/-/swiper-4.4.12.tgz",
      "integrity": "sha512-zSuRrHwx2q+13560GMsvIY9KZk3AW30YbVhvNFTof0WZipVk0OCy3HBe8GRq0DMpjjijjrJkwzmgYIrrkgMhxw=="
    },
    "node_modules/@types/wnumb": {
      "version": "1.2.1",
      "resolved": "https://registry.npmjs.org/@types/wnumb/-/wnumb-1.2.1.tgz",
      "integrity": "sha512-cuh9AMEl+3umsNXpDFzWx/UytvygnwTDQZMPV3XnSMn2fHNZryO70QNODmeTKEUS1d8Ep8UC9rxlIP32f/G1eg=="
    },
    "node_modules/axios": {
      "version": "0.19.2",
      "resolved": "https://registry.npmjs.org/axios/-/axios-0.19.2.tgz",
      "integrity": "sha512-fjgm5MvRHLhx+osE2xoekY70AhARk3a6hkN+3Io1jc00jtquGvxYlKlsFUhmUET0V5te6CcZI7lcv2Ym61mjHA==",
      "deprecated": "Critical security vulnerability fixed in v0.21.1. For more information, see https://github.com/axios/axios/pull/3410",
      "dependencies": {
        "follow-redirects": "1.5.10"
      }
    },
    "node_modules/debug": {
      "version": "3.1.0",
      "resolved": "https://registry.npmjs.org/debug/-/debug-3.1.0.tgz",
      "integrity": "sha512-OX8XqP7/1a9cqkxYw2yXss15f26NKWBpDXQd0/uK/KPqdQhxbPa994hnzjcE2VqQpDslf55723cKPUOGSmMY3g==",
      "dependencies": {
        "ms": "2.0.0"
      }
    },
    "node_modules/dom7": {
      "version": "2.1.5",
      "resolved": "https://registry.npmjs.org/dom7/-/dom7-2.1.5.tgz",
      "integrity": "sha512-xnhwVgyOh3eD++/XGtH+5qBwYTgCm0aW91GFgPJ3XG+jlsRLyJivnbP0QmUBFhI+Oaz9FV0s7cxgXHezwOEBYA==",
      "dependencies": {
        "ssr-window": "^2.0.0"
      }
    },
    "node_modules/dom7/node_modules/ssr-window": {
      "version": "2.0.0",
      "resolved": "https://registry.npmjs.org/ssr-window/-/ssr-window-2.0.0.tgz",
      "integrity": "sha512-NXzN+/HPObKAx191H3zKlYomE5WrVIkoCB5IaSdvKokxTpjBdWfr0RaP+1Z5KOfDT0ZVz+2tdtiBkhsEQ9p+0A=="
    },
    "node_modules/follow-redirects": {
      "version": "1.5.10",
      "resolved": "https://registry.npmjs.org/follow-redirects/-/follow-redirects-1.5.10.tgz",
      "integrity": "sha512-0V5l4Cizzvqt5D44aTXbFZz+FtyXV1vrDN6qrelxtfYQKW0KO0W2T/hkE8xvGa/540LkZlkaUjO4ailYTFtHVQ==",
      "dependencies": {
        "debug": "=3.1.0"
      },
      "engines": {
        "node": ">=4.0"
      }
    },
    "node_modules/hammerjs": {
      "version": "2.0.8",
      "resolved": "https://registry.npmjs.org/hammerjs/-/hammerjs-2.0.8.tgz",
      "integrity": "sha512-tSQXBXS/MWQOn/RKckawJ61vvsDpCom87JgxiYdGwHdOa0ht0vzUWDlfioofFCRU0L+6NGDt6XzbgoJvZkMeRQ==",
      "engines": {
        "node": ">=0.8.0"
      }
    },
    "node_modules/i18next": {
      "version": "17.0.1",
      "resolved": "https://registry.npmjs.org/i18next/-/i18next-17.0.1.tgz",
      "integrity": "sha512-pg+RxJWoqEt4JtueOkoxXshivtmsf8u0SuTYQTSB5cUTNWUyw/Py3zF//A/vd5FEUaiooyPCNNJ94leQ8J4JEQ==",
      "dependencies": {
        "@babel/runtime": "^7.3.1"
      }
    },
    "node_modules/ms": {
      "version": "2.0.0",
      "resolved": "https://registry.npmjs.org/ms/-/ms-2.0.0.tgz",
      "integrity": "sha512-Tpp60P6IUJDTuOq/5Z8cdskzJujfwqfOTkrwIwj7IRISpnkJnT6SyJ4PCPnGMoFjC9ddhal5KVIYtAt97ix05A=="
    },
    "node_modules/nouislider": {
      "version": "12.0.0",
      "resolved": "https://registry.npmjs.org/nouislider/-/nouislider-12.0.0.tgz",
      "integrity": "sha512-wUr7AJwDQ2oraHgNjLnELjvghTJrKskELowAhdyk01zN6jpXegoyVQJL2Tzt/hp9qwnx+E5KwWS4RNbIMizVcw=="
    },
    "node_modules/regenerator-runtime": {
      "version": "0.13.9",
      "resolved": "https://registry.npmjs.org/regenerator-runtime/-/regenerator-runtime-0.13.9.tgz",
      "integrity": "sha512-p3VT+cOEgxFsRRA9X4lkI1E+k2/CtnKtU4gcxyaCUreilL/vqI6CdZ3wxVUx3UOUg+gnUOQQcRI7BmSI656MYA=="
    },
    "node_modules/rxjs": {
      "version": "6.3.3",
      "resolved": "https://registry.npmjs.org/rxjs/-/rxjs-6.3.3.tgz",
      "integrity": "sha512-JTWmoY9tWCs7zvIk/CvRjhjGaOd+OVBM987mxFo+OW66cGpdKjZcpmc74ES1sB//7Kl/PAe8+wEakuhG4pcgOw==",
      "dependencies": {
        "tslib": "^1.9.0"
      },
      "engines": {
        "npm": ">=2.0.0"
      }
    },
    "node_modules/ssr-window": {
      "version": "1.0.1",
      "resolved": "https://registry.npmjs.org/ssr-window/-/ssr-window-1.0.1.tgz",
      "integrity": "sha512-dgFqB+f00LJTEgb6UXhx0h+SrG50LJvti2yMKMqAgzfUmUXZrLSv2fjULF7AWGwK25EXu8+smLR3jYsJQChPsg=="
    },
    "node_modules/swiper": {
      "version": "4.5.1",
      "resolved": "https://registry.npmjs.org/swiper/-/swiper-4.5.1.tgz",
      "integrity": "sha512-se6I7PWWu950NAMXXT+ENtF/6SVb8mPyO+bTfNxbQBILSeLqsYp3Ndap+YOA0EczOIUlea274PKejT6gKZDseA==",
      "hasInstallScript": true,
      "dependencies": {
        "dom7": "^2.1.3",
        "ssr-window": "^1.0.1"
      },
      "engines": {
        "node": ">= 4.7.0"
      }
    },
    "node_modules/tslib": {
      "version": "1.14.1",
      "resolved": "https://registry.npmjs.org/tslib/-/tslib-1.14.1.tgz",
      "integrity": "sha512-Xni35NKzjgMrwevysHTCArtLDpPvye8zV/0E4EyYn43P7/7qvQwPh9BGkHewbMulVntbigmcT7rdX3BNo9wRJg=="
    }
  },
  "dependencies": {
    "@babel/runtime": {
      "version": "7.18.9",
      "resolved": "https://registry.npmjs.org/@babel/runtime/-/runtime-7.18.9.tgz",
      "integrity": "sha512-lkqXDcvlFT5rvEjiu6+QYO+1GXrEHRo2LOtS7E4GtX5ESIZOgepqsZBVIj6Pv+a6zqsya9VCgiK1KAK4BvJDAw==",
      "requires": {
        "regenerator-runtime": "^0.13.4"
      }
    },
    "@crestron/ch5-crcomlib": {
      "version": "1.2.0",
      "resolved": "https://registry.npmjs.org/@crestron/ch5-crcomlib/-/ch5-crcomlib-1.2.0.tgz",
      "integrity": "sha512-GsEbXOKbqrgAibxSWUaU+Ep8zvpxk0/ST8n0jSKrShUWkPOpoodIO4b7Hsx0vv9UgjuUShNbAFWmLUmmAZQeYA==",
      "requires": {
        "@types/dom-inputevent": "^1.0.1",
        "@types/hammerjs": "^2.0.35",
        "@types/lodash-es": "^4.17.3",
        "@types/lodash.throttle": "^4.1.3",
        "@types/nouislider": "9.0.4",
        "@types/swiper": "^4.4.2",
        "axios": "^0.19.0",
        "hammerjs": "^2.0.8",
        "i18next": "17.0.1",
        "nouislider": "12.0.0",
        "rxjs": "6.3.3",
        "swiper": "^4.5.0"
      }
    },
    "@types/dom-inputevent": {
      "version": "1.0.7",
      "resolved": "https://registry.npmjs.org/@types/dom-inputevent/-/dom-inputevent-1.0.7.tgz",
      "integrity": "sha512-R0ILeMNwjxCwiF9FDlCl2pUlGZW+4OUqJe6DyOsyrdK1PEoZ1TxgkfQfEy7vniFUrKyAy+dP2BNAXcRqEyf9dQ=="
    },
    "@types/hammerjs": {
      "version": "2.0.41",
      "resolved": "https://registry.npmjs.org/@types/hammerjs/-/hammerjs-2.0.41.tgz",
      "integrity": "sha512-ewXv/ceBaJprikMcxCmWU1FKyMAQ2X7a9Gtmzw8fcg2kIePI1crERDM818W+XYrxqdBBOdlf2rm137bU+BltCA=="
    },
    "@types/lodash": {
      "version": "4.14.182",
      "resolved": "https://registry.npmjs.org/@types/lodash/-/lodash-4.14.182.tgz",
      "integrity": "sha512-/THyiqyQAP9AfARo4pF+aCGcyiQ94tX/Is2I7HofNRqoYLgN1PBoOWu2/zTA5zMxzP5EFutMtWtGAFRKUe961Q=="
    },
    "@types/lodash-es": {
      "version": "4.17.6",
      "resolved": "https://registry.npmjs.org/@types/lodash-es/-/lodash-es-4.17.6.tgz",
      "integrity": "sha512-R+zTeVUKDdfoRxpAryaQNRKk3105Rrgx2CFRClIgRGaqDTdjsm8h6IYA8ir584W3ePzkZfst5xIgDwYrlh9HLg==",
      "requires": {
        "@types/lodash": "*"
      }
    },
    "@types/lodash.throttle": {
      "version": "4.1.7",
      "resolved": "https://registry.npmjs.org/@types/lodash.throttle/-/lodash.throttle-4.1.7.tgz",
      "integrity": "sha512-znwGDpjCHQ4FpLLx19w4OXDqq8+OvREa05H89obtSyXyOFKL3dDjCslsmfBz0T2FU8dmf5Wx1QvogbINiGIu9g==",
      "requires": {
        "@types/lodash": "*"
      }
    },
    "@types/nouislider": {
      "version": "9.0.4",
      "resolved": "https://registry.npmjs.org/@types/nouislider/-/nouislider-9.0.4.tgz",
      "integrity": "sha512-ilaxERkAK7mRkkv0RLb1jZ5Gn0BsXk+jfWXjCk5DuV84AxArhPOq12XJ0eUa6TLTHSmegrfs8Rj4ZAs2hOyT3w==",
      "requires": {
        "@types/wnumb": "*"
      }
    },
    "@types/swiper": {
      "version": "4.4.12",
      "resolved": "https://registry.npmjs.org/@types/swiper/-/swiper-4.4.12.tgz",
      "integrity": "sha512-zSuRrHwx2q+13560GMsvIY9KZk3AW30YbVhvNFTof0WZipVk0OCy3HBe8GRq0DMpjjijjrJkwzmgYIrrkgMhxw=="
    },
    "@types/wnumb": {
      "version": "1.2.1",
      "resolved": "https://registry.npmjs.org/@types/wnumb/-/wnumb-1.2.1.tgz",
      "integrity": "sha512-cuh9AMEl+3umsNXpDFzWx/UytvygnwTDQZMPV3XnSMn2fHNZryO70QNODmeTKEUS1d8Ep8UC9rxlIP32f/G1eg=="
    },
    "axios": {
      "version": "0.19.2",
      "resolved": "https://registry.npmjs.org/axios/-/axios-0.19.2.tgz",
      "integrity": "sha512-fjgm5MvRHLhx+osE2xoekY70AhARk3a6hkN+3Io1jc00jtquGvxYlKlsFUhmUET0V5te6CcZI7lcv2Ym61mjHA==",
      "requires": {
        "follow-redirects": "1.5.10"
      }
    },
    "debug": {
      "version": "3.1.0",
      "resolved": "https://registry.npmjs.org/debug/-/debug-3.1.0.tgz",
      "integrity": "sha512-OX8XqP7/1a9cqkxYw2yXss15f26NKWBpDXQd0/uK/KPqdQhxbPa994hnzjcE2VqQpDslf55723cKPUOGSmMY3g==",
      "requires": {
        "ms": "2.0.0"
      }
    },
    "dom7": {
      "version": "2.1.5",
      "resolved": "https://registry.npmjs.org/dom7/-/dom7-2.1.5.tgz",
      "integrity": "sha512-xnhwVgyOh3eD++/XGtH+5qBwYTgCm0aW91GFgPJ3XG+jlsRLyJivnbP0QmUBFhI+Oaz9FV0s7cxgXHezwOEBYA==",
      "requires": {
        "ssr-window": "^2.0.0"
      },
      "dependencies": {
        "ssr-window": {
          "version": "2.0.0",
          "resolved": "https://registry.npmjs.org/ssr-window/-/ssr-window-2.0.0.tgz",
          "integrity": "sha512-NXzN+/HPObKAx191H3zKlYomE5WrVIkoCB5IaSdvKokxTpjBdWfr0RaP+1Z5KOfDT0ZVz+2tdtiBkhsEQ9p+0A=="
        }
      }
    },
    "follow-redirects": {
      "version": "1.5.10",
      "resolved": "https://registry.npmjs.org/follow-redirects/-/follow-redirects-1.5.10.tgz",
      "integrity": "sha512-0V5l4Cizzvqt5D44aTXbFZz+FtyXV1vrDN6qrelxtfYQKW0KO0W2T/hkE8xvGa/540LkZlkaUjO4ailYTFtHVQ==",
      "requires": {
        "debug": "=3.1.0"
      }
    },
    "hammerjs": {
      "version": "2.0.8",
      "resolved": "https://registry.npmjs.org/hammerjs/-/hammerjs-2.0.8.tgz",
      "integrity": "sha512-tSQXBXS/MWQOn/RKckawJ61vvsDpCom87JgxiYdGwHdOa0ht0vzUWDlfioofFCRU0L+6NGDt6XzbgoJvZkMeRQ=="
    },
    "i18next": {
      "version": "17.0.1",
      "resolved": "https://registry.npmjs.org/i18next/-/i18next-17.0.1.tgz",
      "integrity": "sha512-pg+RxJWoqEt4JtueOkoxXshivtmsf8u0SuTYQTSB5cUTNWUyw/Py3zF//A/vd5FEUaiooyPCNNJ94leQ8J4JEQ==",
      "requires": {
        "@babel/runtime": "^7.3.1"
      }
    },
    "ms": {
      "version": "2.0.0",
      "resolved": "https://registry.npmjs.org/ms/-/ms-2.0.0.tgz",
      "integrity": "sha512-Tpp60P6IUJDTuOq/5Z8cdskzJujfwqfOTkrwIwj7IRISpnkJnT6SyJ4PCPnGMoFjC9ddhal5KVIYtAt97ix05A=="
    },
    "nouislider": {
      "version": "12.0.0",
      "resolved": "https://registry.npmjs.org/nouislider/-/nouislider-12.0.0.tgz",
      "integrity": "sha512-wUr7AJwDQ2oraHgNjLnELjvghTJrKskELowAhdyk01zN6jpXegoyVQJL2Tzt/hp9qwnx+E5KwWS4RNbIMizVcw=="
    },
    "regenerator-runtime": {
      "version": "0.13.9",
      "resolved": "https://registry.npmjs.org/regenerator-runtime/-/regenerator-runtime-0.13.9.tgz",
      "integrity": "sha512-p3VT+cOEgxFsRRA9X4lkI1E+k2/CtnKtU4gcxyaCUreilL/vqI6CdZ3wxVUx3UOUg+gnUOQQcRI7BmSI656MYA=="
    },
    "rxjs": {
      "version": "6.3.3",
      "resolved": "https://registry.npmjs.org/rxjs/-/rxjs-6.3.3.tgz",
      "integrity": "sha512-JTWmoY9tWCs7zvIk/CvRjhjGaOd+OVBM987mxFo+OW66cGpdKjZcpmc74ES1sB//7Kl/PAe8+wEakuhG4pcgOw==",
      "requires": {
        "tslib": "^1.9.0"
      }
    },
    "ssr-window": {
      "version": "1.0.1",
      "resolved": "https://registry.npmjs.org/ssr-window/-/ssr-window-1.0.1.tgz",
      "integrity": "sha512-dgFqB+f00LJTEgb6UXhx0h+SrG50LJvti2yMKMqAgzfUmUXZrLSv2fjULF7AWGwK25EXu8+smLR3jYsJQChPsg=="
    },
    "swiper": {
      "version": "4.5.1",
      "resolved": "https://registry.npmjs.org/swiper/-/swiper-4.5.1.tgz",
      "integrity": "sha512-se6I7PWWu950NAMXXT+ENtF/6SVb8mPyO+bTfNxbQBILSeLqsYp3Ndap+YOA0EczOIUlea274PKejT6gKZDseA==",
      "requires": {
        "dom7": "^2.1.3",
        "ssr-window": "^1.0.1"
      }
    },
    "tslib": {
      "version": "1.14.1",
      "resolved": "https://registry.npmjs.org/tslib/-/tslib-1.14.1.tgz",
      "integrity": "sha512-Xni35NKzjgMrwevysHTCArtLDpPvye8zV/0E4EyYn43P7/7qvQwPh9BGkHewbMulVntbigmcT7rdX3BNo9wRJg=="
    }
  }
}
